
Microsoft Visual Studio Solution File, Format Version 12.00
# Visual Studio Version 17
VisualStudioVersion = 17.4.33213.308
MinimumVisualStudioVersion = 10.0.40219.1
Project("{FAE04EC0-301F-11D3-BF4B-00C04F79EFBC}") = "SoupImgViewer", "SoupImgViewer\SoupImgViewer.csproj", "{44C19445-83C9-48DA-BC0B-D277E7DFC45D}"
EndProject
Project("{FAE04EC0-301F-11D3-BF4B-00C04F79EFBC}") = "DemoWpf", "DemoWpf\DemoWpf.csproj", "{BEC571B8-B8D0-49FC-9BA7-049FA189A0CF}"
EndProject
Global
	GlobalSection(SolutionConfigurationPlatforms) = preSolution
		Debug|Any CPU = Debug|Any CPU
		Debug|x64 = Debug|x64
		Release|Any CPU = Release|Any CPU
		Release|x64 = Release|x64
	EndGlobalSection
	GlobalSection(ProjectConfigurationPlatforms) = postSolution
		{44C19445-83C9-48DA-BC0B-D277E7DFC45D}.Debug|Any CPU.ActiveCfg = Debug|Any CPU
		{44C19445-83C9-48DA-BC0B-D277E7DFC45D}.Debug|Any CPU.Build.0 = Debug|Any CPU
		{44C19445-83C9-48DA-BC0B-D277E7DFC45D}.Debug|x64.ActiveCfg = Debug|x64
		{44C19445-83C9-48DA-BC0B-D277E7DFC45D}.Debug|x64.Build.0 = Debug|x64
		{44C19445-83C9-48DA-BC0B-D277E7DFC45D}.Release|Any CPU.ActiveCfg = Release|Any CPU
		{44C19445-83C9-48DA-BC0B-D277E7DFC45D}.Release|Any CPU.Build.0 = Release|Any CPU
		{44C19445-83C9-48DA-BC0B-D277E7DFC45D}.Release|x64.ActiveCfg = Release|x64
		{44C19445-83C9-48DA-BC0B-D277E7DFC45D}.Release|x64.Build.0 = Release|x64
		{BEC571B8-B8D0-49FC-9BA7-049FA189A0CF}.Debug|Any CPU.ActiveCfg = Debug|Any CPU
		{BEC571B8-B8D0-49FC-9BA7-049FA189A0CF}.Debug|Any CPU.Build.0 = Debug|Any CPU
		{BEC571B8-B8D0-49FC-9BA7-049FA189A0CF}.Debug|x64.ActiveCfg = Debug|x64
		{BEC571B8-B8D0-49FC-9BA7-049FA189A0CF}.Debug|x64.Build.0 = Debug|x64
		{BEC571B8-B8D0-49FC-9BA7-049FA189A0CF}.Release|Any CPU.ActiveCfg = Release|Any CPU
		{BEC571B8-B8D0-49FC-9BA7-049FA189A0CF}.Release|Any CPU.Build.0 = Release|Any CPU
		{BEC571B8-B8D0-49FC-9BA7-049FA189A0CF}.Release|x64.ActiveCfg = Release|x64
		{BEC571B8-B8D0-49FC-9BA7-049FA189A0CF}.Release|x64.Build.0 = Release|x64
	EndGlobalSection
	GlobalSection(SolutionProperties) = preSolution
		HideSolutionNode = FALSE
	EndGlobalSection
	GlobalSection(ExtensibilityGlobals) = postSolution
		SolutionGuid = {9A6E8264-1E65-41D1-873E-7E8EAE1473D4}
	EndGlobalSection
EndGlobal
